{
  "name": "Rental-App",
  "lockfileVersion": 2,
  "requires": true,
  "packages": {
    "": {
      "dependencies": {
        "multi-range-slider-react": "^2.0.7"
      }
    },
    "node_modules/multi-range-slider-react": {
      "version": "2.0.7",
      "resolved": "https://registry.npmjs.org/multi-range-slider-react/-/multi-range-slider-react-2.0.7.tgz",
      "integrity": "sha512-KRYUkatXxxYceL5ZT8xvetIN+4yTCdWszxRC6Y6Jkua+oRrWVkmBR6v3R03kosYg/QtcETBf2L1Jt+4U66DFbg=="
    }
  },
  "dependencies": {
    "multi-range-slider-react": {
      "version": "2.0.7",
      "resolved": "https://registry.npmjs.org/multi-range-slider-react/-/multi-range-slider-react-2.0.7.tgz",
      "integrity": "sha512-KRYUkatXxxYceL5ZT8xvetIN+4yTCdWszxRC6Y6Jkua+oRrWVkmBR6v3R03kosYg/QtcETBf2L1Jt+4U66DFbg=="
    }
  }
}
